// !$*UTF8*$!
{
	archiveVersion = 1;
	classes = {
	};
	objectVersion = 56;
	objects = {

/* Begin PBXBuildFile section */
		AFAEBFB729C9EFE700108196 /* HomeVC.swift in Sources */ = {isa = PBXBuildFile; fileRef = AFAEBFB629C9EFE700108196 /* HomeVC.swift */; };
		AFAEBFB929C9EFFC00108196 /* DetailVC.swift in Sources */ = {isa = PBXBuildFile; fileRef = AFAEBFB829C9EFFC00108196 /* DetailVC.swift */; };
		AFAEBFBB29C9F03000108196 /* FavoritesVC.swift in Sources */ = {isa = PBXBuildFile; fileRef = AFAEBFBA29C9F03000108196 /* FavoritesVC.swift */; };
		AFFFD88A29C9DA8900028E73 /* AppDelegate.swift in Sources */ = {isa = PBXBuildFile; fileRef = AFFFD88929C9DA8900028E73 /* AppDelegate.swift */; };
		AFFFD88C29C9DA8900028E73 /* SceneDelegate.swift in Sources */ = {isa = PBXBuildFile; fileRef = AFFFD88B29C9DA8900028E73 /* SceneDelegate.swift */; };
		AFFFD89129C9DA8900028E73 /* Main.storyboard in Resources */ = {isa = PBXBuildFile; fileRef = AFFFD88F29C9DA8900028E73 /* Main.storyboard */; };
		AFFFD89329C9DA8A00028E73 /* Assets.xcassets in Resources */ = {isa = PBXBuildFile; fileRef = AFFFD89229C9DA8A00028E73 /* Assets.xcassets */; };
		AFFFD89629C9DA8A00028E73 /* LaunchScreen.storyboard in Resources */ = {isa = PBXBuildFile; fileRef = AFFFD89429C9DA8A00028E73 /* LaunchScreen.storyboard */; };
		AFFFD8A129C9DA8A00028E73 /* MovieAppTests.swift in Sources */ = {isa = PBXBuildFile; fileRef = AFFFD8A029C9DA8A00028E73 /* MovieAppTests.swift */; };
		AFFFD8AB29C9DA8A00028E73 /* MovieAppUITests.swift in Sources */ = {isa = PBXBuildFile; fileRef = AFFFD8AA29C9DA8A00028E73 /* MovieAppUITests.swift */; };
		AFFFD8AD29C9DA8A00028E73 /* MovieAppUITestsLaunchTests.swift in Sources */ = {isa = PBXBuildFile; fileRef = AFFFD8AC29C9DA8A00028E73 /* MovieAppUITestsLaunchTests.swift */; };
/* End PBXBuildFile section */

/* Begin PBXContainerItemProxy section */
		AFFFD89D29C9DA8A00028E73 /* PBXContainerItemProxy */ = {
			isa = PBXContainerItemProxy;
			containerPortal = AFFFD87E29C9DA8900028E73 /* Project object */;
			proxyType = 1;
			remoteGlobalIDString = AFFFD88529C9DA8900028E73;
			remoteInfo = MovieApp;
		};
		AFFFD8A729C9DA8A00028E73 /* PBXContainerItemProxy */ = {
			isa = PBXContainerItemProxy;
			containerPortal = AFFFD87E29C9DA8900028E73 /* Project object */;
			proxyType = 1;
			remoteGlobalIDString = AFFFD88529C9DA8900028E73;
			remoteInfo = MovieApp;
		};
/* End PBXContainerItemProxy section */

/* Begin PBXFileReference section */
		AFAEBFB629C9EFE700108196 /* HomeVC.swift */ = {isa = PBXFileReference; lastKnownFileType = sourcecode.swift; path = HomeVC.swift; sourceTree = "<group>"; };
		AFAEBFB829C9EFFC00108196 /* DetailVC.swift */ = {isa = PBXFileReference; lastKnownFileType = sourcecode.swift; path = DetailVC.swift; sourceTree = "<group>"; };
		AFAEBFBA29C9F03000108196 /* FavoritesVC.swift */ = {isa = PBXFileReference; lastKnownFileType = sourcecode.swift; path = FavoritesVC.swift; sourceTree = "<group>"; };
		AFFFD88629C9DA8900028E73 /* MovieApp.app */ = {isa = PBXFileReference; explicitFileType = wrapper.application; includeInIndex = 0; path = MovieApp.app; sourceTree = BUILT_PRODUCTS_DIR; };
		AFFFD88929C9DA8900028E73 /* AppDelegate.swift */ = {isa = PBXFileReference; lastKnownFileType = sourcecode.swift; path = AppDelegate.swift; sourceTree = "<group>"; };
		AFFFD88B29C9DA8900028E73 /* SceneDelegate.swift */ = {isa = PBXFileReference; lastKnownFileType = sourcecode.swift; path = SceneDelegate.swift; sourceTree = "<group>"; };
		AFFFD89029C9DA8900028E73 /* Base */ = {isa = PBXFileReference; lastKnownFileType = file.storyboard; name = Base; path = Base.lproj/Main.storyboard; sourceTree = "<group>"; };
		AFFFD89229C9DA8A00028E73 /* Assets.xcassets */ = {isa = PBXFileReference; lastKnownFileType = folder.assetcatalog; path = Assets.xcassets; sourceTree = "<group>"; };
		AFFFD89529C9DA8A00028E73 /* Base */ = {isa = PBXFileReference; lastKnownFileType = file.storyboard; name = Base; path = Base.lproj/LaunchScreen.storyboard; sourceTree = "<group>"; };
		AFFFD89729C9DA8A00028E73 /* Info.plist */ = {isa = PBXFileReference; lastKnownFileType = text.plist.xml; path = Info.plist; sourceTree = "<group>"; };
		AFFFD89C29C9DA8A00028E73 /* MovieAppTests.xctest */ = {isa = PBXFileReference; explicitFileType = wrapper.cfbundle; includeInIndex = 0; path = MovieAppTests.xctest; sourceTree = BUILT_PRODUCTS_DIR; };
		AFFFD8A029C9DA8A00028E73 /* MovieAppTests.swift */ = {isa = PBXFileReference; lastKnownFileType = sourcecode.swift; path = MovieAppTests.swift; sourceTree = "<group>"; };
		AFFFD8A629C9DA8A00028E73 /* MovieAppUITests.xctest */ = {isa = PBXFileReference; explicitFileType = wrapper.cfbundle; includeInIndex = 0; path = MovieAppUITests.xctest; sourceTree = BUILT_PRODUCTS_DIR; };
		AFFFD8AA29C9DA8A00028E73 /* MovieAppUITests.swift */ = {isa = PBXFileReference; lastKnownFileType = sourcecode.swift; path = MovieAppUITests.swift; sourceTree = "<group>"; };
		AFFFD8AC29C9DA8A00028E73 /* MovieAppUITestsLaunchTests.swift */ = {isa = PBXFileReference; lastKnownFileType = sourcecode.swift; path = MovieAppUITestsLaunchTests.swift; sourceTree = "<group>"; };
/* End PBXFileReference section */

/* Begin PBXFrameworksBuildPhase section */
		AFFFD88329C9DA8900028E73 /* Frameworks */ = {
			isa = PBXFrameworksBuildPhase;
			buildActionMask = 2147483647;
			files = (
			);
			runOnlyForDeploymentPostprocessing = 0;
		};
		AFFFD89929C9DA8A00028E73 /* Frameworks */ = {
			isa = PBXFrameworksBuildPhase;
			buildActionMask = 2147483647;
			files = (
			);
			runOnlyForDeploymentPostprocessing = 0;
		};
		AFFFD8A329C9DA8A00028E73 /* Frameworks */ = {
			isa = PBXFrameworksBuildPhase;
			buildActionMask = 2147483647;
			files = (
			);
			runOnlyForDeploymentPostprocessing = 0;
		};
/* End PBXFrameworksBuildPhase section */

/* Begin PBXGroup section */
		AFFFD87D29C9DA8900028E73 = {
			isa = PBXGroup;
			children = (
				AFFFD88829C9DA8900028E73 /* MovieApp */,
				AFFFD89F29C9DA8A00028E73 /* MovieAppTests */,
				AFFFD8A929C9DA8A00028E73 /* MovieAppUITests */,
				AFFFD88729C9DA8900028E73 /* Products */,
			);
			sourceTree = "<group>";
		};
		AFFFD88729C9DA8900028E73 /* Products */ = {
			isa = PBXGroup;
			children = (
				AFFFD88629C9DA8900028E73 /* MovieApp.app */,
				AFFFD89C29C9DA8A00028E73 /* MovieAppTests.xctest */,
				AFFFD8A629C9DA8A00028E73 /* MovieAppUITests.xctest */,
			);
			name = Products;
			sourceTree = "<group>";
		};
		AFFFD88829C9DA8900028E73 /* MovieApp */ = {
			isa = PBXGroup;
			children = (
				AFFFD88929C9DA8900028E73 /* AppDelegate.swift */,
				AFFFD88B29C9DA8900028E73 /* SceneDelegate.swift */,
				AFAEBFB629C9EFE700108196 /* HomeVC.swift */,
				AFAEBFB829C9EFFC00108196 /* DetailVC.swift */,
				AFAEBFBA29C9F03000108196 /* FavoritesVC.swift */,
				AFFFD88F29C9DA8900028E73 /* Main.storyboard */,
				AFFFD89229C9DA8A00028E73 /* Assets.xcassets */,
				AFFFD89429C9DA8A00028E73 /* LaunchScreen.storyboard */,
				AFFFD89729C9DA8A00028E73 /* Info.plist */,
			);
			path = MovieApp;
			sourceTree = "<group>";
		};
		AFFFD89F29C9DA8A00028E73 /* MovieAppTests */ = {
			isa = PBXGroup;
			children = (
				AFFFD8A029C9DA8A00028E73 /* MovieAppTests.swift */,
			);
			path = MovieAppTests;
			sourceTree = "<group>";
		};
		AFFFD8A929C9DA8A00028E73 /* MovieAppUITests */ = {
			isa = PBXGroup;
			children = (
				AFFFD8AA29C9DA8A00028E73 /* MovieAppUITests.swift */,
				AFFFD8AC29C9DA8A00028E73 /* MovieAppUITestsLaunchTests.swift */,
			);
			path = MovieAppUITests;
			sourceTree = "<group>";
		};
/* End PBXGroup section */

/* Begin PBXNativeTarget section */
		AFFFD88529C9DA8900028E73 /* MovieApp */ = {
			isa = PBXNativeTarget;
			buildConfigurationList = AFFFD8B029C9DA8A00028E73 /* Build configuration list for PBXNativeTarget "MovieApp" */;
			buildPhases = (
				AFFFD88229C9DA8900028E73 /* Sources */,
				AFFFD88329C9DA8900028E73 /* Frameworks */,
				AFFFD88429C9DA8900028E73 /* Resources */,
			);
			buildRules = (
			);
			dependencies = (
			);
			name = MovieApp;
			productName = MovieApp;
			productReference = AFFFD88629C9DA8900028E73 /* MovieApp.app */;
			productType = "com.apple.product-type.application";
		};
		AFFFD89B29C9DA8A00028E73 /* MovieAppTests */ = {
			isa = PBXNativeTarget;
			buildConfigurationList = AFFFD8B329C9DA8A00028E73 /* Build configuration list for PBXNativeTarget "MovieAppTests" */;
			buildPhases = (
				AFFFD89829C9DA8A00028E73 /* Sources */,
				AFFFD89929C9DA8A00028E73 /* Frameworks */,
				AFFFD89A29C9DA8A00028E73 /* Resources */,
			);
			buildRules = (
			);
			dependencies = (
				AFFFD89E29C9DA8A00028E73 /* PBXTargetDependency */,
			);
			name = MovieAppTests;
			productName = MovieAppTests;
			productReference = AFFFD89C29C9DA8A00028E73 /* MovieAppTests.xctest */;
			productType = "com.apple.product-type.bundle.unit-test";
		};
		AFFFD8A529C9DA8A00028E73 /* MovieAppUITests */ = {
			isa = PBXNativeTarget;
			buildConfigurationList = AFFFD8B629C9DA8A00028E73 /* Build configuration list for PBXNativeTarget "MovieAppUITests" */;
			buildPhases = (
				AFFFD8A229C9DA8A00028E73 /* Sources */,
				AFFFD8A329C9DA8A00028E73 /* Frameworks */,
				AFFFD8A429C9DA8A00028E73 /* Resources */,
			);
			buildRules = (
			);
			dependencies = (
				AFFFD8A829C9DA8A00028E73 /* PBXTargetDependency */,
			);
			name = MovieAppUITests;
			productName = MovieAppUITests;
			productReference = AFFFD8A629C9DA8A00028E73 /* MovieAppUITests.xctest */;
			productType = "com.apple.product-type.bundle.ui-testing";
		};
/* End PBXNativeTarget section */

/* Begin PBXProject section */
		AFFFD87E29C9DA8900028E73 /* Project object */ = {
			isa = PBXProject;
			attributes = {
				BuildIndependentTargetsInParallel = 1;
				LastSwiftUpdateCheck = 1410;
				LastUpgradeCheck = 1410;
				TargetAttributes = {
					AFFFD88529C9DA8900028E73 = {
						CreatedOnToolsVersion = 14.1;
					};
					AFFFD89B29C9DA8A00028E73 = {
						CreatedOnToolsVersion = 14.1;
						TestTargetID = AFFFD88529C9DA8900028E73;
					};
					AFFFD8A529C9DA8A00028E73 = {
						CreatedOnToolsVersion = 14.1;
						TestTargetID = AFFFD88529C9DA8900028E73;
					};
				};
			};
			buildConfigurationList = AFFFD88129C9DA8900028E73 /* Build configuration list for PBXProject "MovieApp" */;
			compatibilityVersion = "Xcode 14.0";
			developmentRegion = en;
			hasScannedForEncodings = 0;
			knownRegions = (
				en,
				Base,
			);
			mainGroup = AFFFD87D29C9DA8900028E73;
			productRefGroup = AFFFD88729C9DA8900028E73 /* Products */;
			projectDirPath = "";
			projectRoot = "";
			targets = (
				AFFFD88529C9DA8900028E73 /* MovieApp */,
				AFFFD89B29C9DA8A00028E73 /* MovieAppTests */,
				AFFFD8A529C9DA8A00028E73 /* MovieAppUITests */,
			);
		};
/* End PBXProject section */

/* Begin PBXResourcesBuildPhase section */
		AFFFD88429C9DA8900028E73 /* Resources */ = {
			isa = PBXResourcesBuildPhase;
			buildActionMask = 2147483647;
			files = (
				AFFFD89629C9DA8A00028E73 /* LaunchScreen.storyboard in Resources */,
				AFFFD89329C9DA8A00028E73 /* Assets.xcassets in Resources */,
				AFFFD89129C9DA8900028E73 /* Main.storyboard in Resources */,
			);
			runOnlyForDeploymentPostprocessing = 0;
		};
		AFFFD89A29C9DA8A00028E73 /* Resources */ = {
			isa = PBXResourcesBuildPhase;
			buildActionMask = 2147483647;
			files = (
			);
			runOnlyForDeploymentPostprocessing = 0;
		};
		AFFFD8A429C9DA8A00028E73 /* Resources */ = {
			isa = PBXResourcesBuildPhase;
			buildActionMask = 2147483647;
			files = (
			);
			runOnlyForDeploymentPostprocessing = 0;
		};
/* End PBXResourcesBuildPhase section */

/* Begin PBXSourcesBuildPhase section */
		AFFFD88229C9DA8900028E73 /* Sources */ = {
			isa = PBXSourcesBuildPhase;
			buildActionMask = 2147483647;
			files = (
				AFAEBFB929C9EFFC00108196 /* DetailVC.swift in Sources */,
				AFAEBFBB29C9F03000108196 /* FavoritesVC.swift in Sources */,
				AFAEBFB729C9EFE700108196 /* HomeVC.swift in Sources */,
				AFFFD88A29C9DA8900028E73 /* AppDelegate.swift in Sources */,
				AFFFD88C29C9DA8900028E73 /* SceneDelegate.swift in Sources */,
			);
			runOnlyForDeploymentPostprocessing = 0;
		};
		AFFFD89829C9DA8A00028E73 /* Sources */ = {
			isa = PBXSourcesBuildPhase;
			buildActionMask = 2147483647;
			files = (
				AFFFD8A129C9DA8A00028E73 /* MovieAppTests.swift in Sources */,
			);
			runOnlyForDeploymentPostprocessing = 0;
		};
		AFFFD8A229C9DA8A00028E73 /* Sources */ = {
			isa = PBXSourcesBuildPhase;
			buildActionMask = 2147483647;
			files = (
				AFFFD8AD29C9DA8A00028E73 /* MovieAppUITestsLaunchTests.swift in Sources */,
				AFFFD8AB29C9DA8A00028E73 /* MovieAppUITests.swift in Sources */,
			);
			runOnlyForDeploymentPostprocessing = 0;
		};
/* End PBXSourcesBuildPhase section */

/* Begin PBXTargetDependency section */
		AFFFD89E29C9DA8A00028E73 /* PBXTargetDependency */ = {
			isa = PBXTargetDependency;
			target = AFFFD88529C9DA8900028E73 /* MovieApp */;
			targetProxy = AFFFD89D29C9DA8A00028E73 /* PBXContainerItemProxy */;
		};
		AFFFD8A829C9DA8A00028E73 /* PBXTargetDependency */ = {
			isa = PBXTargetDependency;
			target = AFFFD88529C9DA8900028E73 /* MovieApp */;
			targetProxy = AFFFD8A729C9DA8A00028E73 /* PBXContainerItemProxy */;
		};
/* End PBXTargetDependency section */

/* Begin PBXVariantGroup section */
		AFFFD88F29C9DA8900028E73 /* Main.storyboard */ = {
			isa = PBXVariantGroup;
			children = (
				AFFFD89029C9DA8900028E73 /* Base */,
			);
			name = Main.storyboard;
			sourceTree = "<group>";
		};
		AFFFD89429C9DA8A00028E73 /* LaunchScreen.storyboard */ = {
			isa = PBXVariantGroup;
			children = (
				AFFFD89529C9DA8A00028E73 /* Base */,
			);
			name = LaunchScreen.storyboard;
			sourceTree = "<group>";
		};
/* End PBXVariantGroup section */

/* Begin XCBuildConfiguration section */
		AFFFD8AE29C9DA8A00028E73 /* Debug */ = {
			isa = XCBuildConfiguration;
			buildSettings = {
				ALWAYS_SEARCH_USER_PATHS = NO;
				CLANG_ANALYZER_NONNULL = YES;
				CLANG_ANALYZER_NUMBER_OBJECT_CONVERSION = YES_AGGRESSIVE;
				CLANG_CXX_LANGUAGE_STANDARD = "gnu++20";
				CLANG_ENABLE_MODULES = YES;
				CLANG_ENABLE_OBJC_ARC = YES;
				CLANG_ENABLE_OBJC_WEAK = YES;
				CLANG_WARN_BLOCK_CAPTURE_AUTORELEASING = YES;
				CLANG_WARN_BOOL_CONVERSION = YES;
				CLANG_WARN_COMMA = YES;
				CLANG_WARN_CONSTANT_CONVERSION = YES;
				CLANG_WARN_DEPRECATED_OBJC_IMPLEMENTATIONS = YES;
				CLANG_WARN_DIRECT_OBJC_ISA_USAGE = YES_ERROR;
				CLANG_WARN_DOCUMENTATION_COMMENTS = YES;
				CLANG_WARN_EMPTY_BODY = YES;
				CLANG_WARN_ENUM_CONVERSION = YES;
				CLANG_WARN_INFINITE_RECURSION = YES;
				CLANG_WARN_INT_CONVERSION = YES;
				CLANG_WARN_NON_LITERAL_NULL_CONVERSION = YES;
				CLANG_WARN_OBJC_IMPLICIT_RETAIN_SELF = YES;
				CLANG_WARN_OBJC_LITERAL_CONVERSION = YES;
				CLANG_WARN_OBJC_ROOT_CLASS = YES_ERROR;
				CLANG_WARN_QUOTED_INCLUDE_IN_FRAMEWORK_HEADER = YES;
				CLANG_WARN_RANGE_LOOP_ANALYSIS = YES;
				CLANG_WARN_STRICT_PROTOTYPES = YES;
				CLANG_WARN_SUSPICIOUS_MOVE = YES;
				CLANG_WARN_UNGUARDED_AVAILABILITY = YES_AGGRESSIVE;
				CLANG_WARN_UNREACHABLE_CODE = YES;
				CLANG_WARN__DUPLICATE_METHOD_MATCH = YES;
				COPY_PHASE_STRIP = NO;
				DEBUG_INFORMATION_FORMAT = dwarf;
				ENABLE_STRICT_OBJC_MSGSEND = YES;
				ENABLE_TESTABILITY = YES;
				GCC_C_LANGUAGE_STANDARD = gnu11;
				GCC_DYNAMIC_NO_PIC = NO;
				GCC_NO_COMMON_BLOCKS = YES;
				GCC_OPTIMIZATION_LEVEL = 0;
				GCC_PREPROCESSOR_DEFINITIONS = (
					"DEBUG=1",
					"$(inherited)",
				);
				GCC_WARN_64_TO_32_BIT_CONVERSION = YES;
				GCC_WARN_ABOUT_RETURN_TYPE = YES_ERROR;
				GCC_WARN_UNDECLARED_SELECTOR = YES;
				GCC_WARN_UNINITIALIZED_AUTOS = YES_AGGRESSIVE;
				GCC_WARN_UNUSED_FUNCTION = YES;
				GCC_WARN_UNUSED_VARIABLE = YES;
				IPHONEOS_DEPLOYMENT_TARGET = 16.1;
				MTL_ENABLE_DEBUG_INFO = INCLUDE_SOURCE;
				MTL_FAST_MATH = YES;
				ONLY_ACTIVE_ARCH = YES;
				SDKROOT = iphoneos;
				SWIFT_ACTIVE_COMPILATION_CONDITIONS = DEBUG;
				SWIFT_OPTIMIZATION_LEVEL = "-Onone";
			};
			name = Debug;
		};
		AFFFD8AF29C9DA8A00028E73 /* Release */ = {
			isa = XCBuildConfiguration;
			buildSettings = {
				ALWAYS_SEARCH_USER_PATHS = NO;
				CLANG_ANALYZER_NONNULL = YES;
				CLANG_ANALYZER_NUMBER_OBJECT_CONVERSION = YES_AGGRESSIVE;
				CLANG_CXX_LANGUAGE_STANDARD = "gnu++20";
				CLANG_ENABLE_MODULES = YES;
				CLANG_ENABLE_OBJC_ARC = YES;
				CLANG_ENABLE_OBJC_WEAK = YES;
				CLANG_WARN_BLOCK_CAPTURE_AUTORELEASING = YES;
				CLANG_WARN_BOOL_CONVERSION = YES;
				CLANG_WARN_COMMA = YES;
				CLANG_WARN_CONSTANT_CONVERSION = YES;
				CLANG_WARN_DEPRECATED_OBJC_IMPLEMENTATIONS = YES;
				CLANG_WARN_DIRECT_OBJC_ISA_USAGE = YES_ERROR;
				CLANG_WARN_DOCUMENTATION_COMMENTS = YES;
				CLANG_WARN_EMPTY_BODY = YES;
				CLANG_WARN_ENUM_CONVERSION = YES;
				CLANG_WARN_INFINITE_RECURSION = YES;
				CLANG_WARN_INT_CONVERSION = YES;
				CLANG_WARN_NON_LITERAL_NULL_CONVERSION = YES;
				CLANG_WARN_OBJC_IMPLICIT_RETAIN_SELF = YES;
				CLANG_WARN_OBJC_LITERAL_CONVERSION = YES;
				CLANG_WARN_OBJC_ROOT_CLASS = YES_ERROR;
				CLANG_WARN_QUOTED_INCLUDE_IN_FRAMEWORK_HEADER = YES;
				CLANG_WARN_RANGE_LOOP_ANALYSIS = YES;
				CLANG_WARN_STRICT_PROTOTYPES = YES;
				CLANG_WARN_SUSPICIOUS_MOVE = YES;
				CLANG_WARN_UNGUARDED_AVAILABILITY = YES_AGGRESSIVE;
				CLANG_WARN_UNREACHABLE_CODE = YES;
				CLANG_WARN__DUPLICATE_METHOD_MATCH = YES;
				COPY_PHASE_STRIP = NO;
				DEBUG_INFORMATION_FORMAT = "dwarf-with-dsym";
				ENABLE_NS_ASSERTIONS = NO;
				ENABLE_STRICT_OBJC_MSGSEND = YES;
				GCC_C_LANGUAGE_STANDARD = gnu11;
				GCC_NO_COMMON_BLOCKS = YES;
				GCC_WARN_64_TO_32_BIT_CONVERSION = YES;
				GCC_WARN_ABOUT_RETURN_TYPE = YES_ERROR;
				GCC_WARN_UNDECLARED_SELECTOR = YES;
				GCC_WARN_UNINITIALIZED_AUTOS = YES_AGGRESSIVE;
				GCC_WARN_UNUSED_FUNCTION = YES;
				GCC_WARN_UNUSED_VARIABLE = YES;
				IPHONEOS_DEPLOYMENT_TARGET = 16.1;
				MTL_ENABLE_DEBUG_INFO = NO;
				MTL_FAST_MATH = YES;
				SDKROOT = iphoneos;
				SWIFT_COMPILATION_MODE = wholemodule;
				SWIFT_OPTIMIZATION_LEVEL = "-O";
				VALIDATE_PRODUCT = YES;
			};
			name = Release;
		};
		AFFFD8B129C9DA8A00028E73 /* Debug */ = {
			isa = XCBuildConfiguration;
			buildSettings = {
				ASSETCATALOG_COMPILER_APPICON_NAME = AppIcon;
				ASSETCATALOG_COMPILER_GLOBAL_ACCENT_COLOR_NAME = AccentColor;
				CODE_SIGN_STYLE = Automatic;
				CURRENT_PROJECT_VERSION = 1;
				GENERATE_INFOPLIST_FILE = YES;
				INFOPLIST_FILE = MovieApp/Info.plist;
				INFOPLIST_KEY_UIApplicationSupportsIndirectInputEvents = YES;
				INFOPLIST_KEY_UILaunchStoryboardName = LaunchScreen;
				INFOPLIST_KEY_UIMainStoryboardFile = Main;
				INFOPLIST_KEY_UISupportedInterfaceOrientations_iPad = "UIInterfaceOrientationPortrait UIInterfaceOrientationPortraitUpsideDown UIInterfaceOrientationLandscapeLeft UIInterfaceOrientationLandscapeRight";
				INFOPLIST_KEY_UISupportedInterfaceOrientations_iPhone = "UIInterfaceOrientationPortrait UIInterfaceOrientationLandscapeLeft UIInterfaceOrientationLandscapeRight";
				LD_RUNPATH_SEARCH_PATHS = (
					"$(inherited)",
					"@executable_path/Frameworks",
				);
				MARKETING_VERSION = 1.0;
				PRODUCT_BUNDLE_IDENTIFIER = resedat.MovieApp;
				PRODUCT_NAME = "$(TARGET_NAME)";
				SUPPORTED_PLATFORMS = "iphoneos iphonesimulator";
				SUPPORTS_MACCATALYST = NO;
				SUPPORTS_MAC_DESIGNED_FOR_IPHONE_IPAD = NO;
				SWIFT_EMIT_LOC_STRINGS = YES;
				SWIFT_VERSION = 5.0;
				TARGETED_DEVICE_FAMILY = 1;
			};
			name = Debug;
		};
		AFFFD8B229C9DA8A00028E73 /* Release */ = {
			isa = XCBuildConfiguration;
			buildSettings = {
				ASSETCATALOG_COMPILER_APPICON_NAME = AppIcon;
				ASSETCATALOG_COMPILER_GLOBAL_ACCENT_COLOR_NAME = AccentColor;
				CODE_SIGN_STYLE = Automatic;
				CURRENT_PROJECT_VERSION = 1;
				GENERATE_INFOPLIST_FILE = YES;
				INFOPLIST_FILE = MovieApp/Info.plist;
				INFOPLIST_KEY_UIApplicationSupportsIndirectInputEvents = YES;
				INFOPLIST_KEY_UILaunchStoryboardName = LaunchScreen;
				INFOPLIST_KEY_UIMainStoryboardFile = Main;
				INFOPLIST_KEY_UISupportedInterfaceOrientations_iPad = "UIInterfaceOrientationPortrait UIInterfaceOrientationPortraitUpsideDown UIInterfaceOrientationLandscapeLeft UIInterfaceOrientationLandscapeRight";
				INFOPLIST_KEY_UISupportedInterfaceOrientations_iPhone = "UIInterfaceOrientationPortrait UIInterfaceOrientationLandscapeLeft UIInterfaceOrientationLandscapeRight";
				LD_RUNPATH_SEARCH_PATHS = (
					"$(inherited)",
					"@executable_path/Frameworks",
				);
				MARKETING_VERSION = 1.0;
				PRODUCT_BUNDLE_IDENTIFIER = resedat.MovieApp;
				PRODUCT_NAME = "$(TARGET_NAME)";
				SUPPORTED_PLATFORMS = "iphoneos iphonesimulator";
				SUPPORTS_MACCATALYST = NO;
				SUPPORTS_MAC_DESIGNED_FOR_IPHONE_IPAD = NO;
				SWIFT_EMIT_LOC_STRINGS = YES;
				SWIFT_VERSION = 5.0;
				TARGETED_DEVICE_FAMILY = 1;
			};
			name = Release;
		};
		AFFFD8B429C9DA8A00028E73 /* Debug */ = {
			isa = XCBuildConfiguration;
			buildSettings = {
				ALWAYS_EMBED_SWIFT_STANDARD_LIBRARIES = YES;
				BUNDLE_LOADER = "$(TEST_HOST)";
				CODE_SIGN_STYLE = Automatic;
				CURRENT_PROJECT_VERSION = 1;
				GENERATE_INFOPLIST_FILE = YES;
				IPHONEOS_DEPLOYMENT_TARGET = 16.1;
				MARKETING_VERSION = 1.0;
				PRODUCT_BUNDLE_IDENTIFIER = resedat.MovieAppTests;
				PRODUCT_NAME = "$(TARGET_NAME)";
				SWIFT_EMIT_LOC_STRINGS = NO;
				SWIFT_VERSION = 5.0;
				TARGETED_DEVICE_FAMILY = "1,2";
				TEST_HOST = "$(BUILT_PRODUCTS_DIR)/MovieApp.app/$(BUNDLE_EXECUTABLE_FOLDER_PATH)/MovieApp";
			};
			name = Debug;
		};
		AFFFD8B529C9DA8A00028E73 /* Release */ = {
			isa = XCBuildConfiguration;
			buildSettings = {
				ALWAYS_EMBED_SWIFT_STANDARD_LIBRARIES = YES;
				BUNDLE_LOADER = "$(TEST_HOST)";
				CODE_SIGN_STYLE = Automatic;
				CURRENT_PROJECT_VERSION = 1;
				GENERATE_INFOPLIST_FILE = YES;
				IPHONEOS_DEPLOYMENT_TARGET = 16.1;
				MARKETING_VERSION = 1.0;
				PRODUCT_BUNDLE_IDENTIFIER = resedat.MovieAppTests;
				PRODUCT_NAME = "$(TARGET_NAME)";
				SWIFT_EMIT_LOC_STRINGS = NO;
				SWIFT_VERSION = 5.0;
				TARGETED_DEVICE_FAMILY = "1,2";
				TEST_HOST = "$(BUILT_PRODUCTS_DIR)/MovieApp.app/$(BUNDLE_EXECUTABLE_FOLDER_PATH)/MovieApp";
			};
			name = Release;
		};
		AFFFD8B729C9DA8A00028E73 /* Debug */ = {
			isa = XCBuildConfiguration;
			buildSettings = {
				ALWAYS_EMBED_SWIFT_STANDARD_LIBRARIES = YES;
				CODE_SIGN_STYLE = Automatic;
				CURRENT_PROJECT_VERSION = 1;
				GENERATE_INFOPLIST_FILE = YES;
				MARKETING_VERSION = 1.0;
				PRODUCT_BUNDLE_IDENTIFIER = resedat.MovieAppUITests;
				PRODUCT_NAME = "$(TARGET_NAME)";
				SWIFT_EMIT_LOC_STRINGS = NO;
				SWIFT_VERSION = 5.0;
				TARGETED_DEVICE_FAMILY = "1,2";
				TEST_TARGET_NAME = MovieApp;
			};
			name = Debug;
		};
		AFFFD8B829C9DA8A00028E73 /* Release */ = {
			isa = XCBuildConfiguration;
			buildSettings = {
				ALWAYS_EMBED_SWIFT_STANDARD_LIBRARIES = YES;
				CODE_SIGN_STYLE = Automatic;
				CURRENT_PROJECT_VERSION = 1;
				GENERATE_INFOPLIST_FILE = YES;
				MARKETING_VERSION = 1.0;
				PRODUCT_BUNDLE_IDENTIFIER = resedat.MovieAppUITests;
				PRODUCT_NAME = "$(TARGET_NAME)";
				SWIFT_EMIT_LOC_STRINGS = NO;
				SWIFT_VERSION = 5.0;
				TARGETED_DEVICE_FAMILY = "1,2";
				TEST_TARGET_NAME = MovieApp;
			};
			name = Release;
		};
/* End XCBuildConfiguration section */

/* Begin XCConfigurationList section */
		AFFFD88129C9DA8900028E73 /* Build configuration list for PBXProject "MovieApp" */ = {
			isa = XCConfigurationList;
			buildConfigurations = (
				AFFFD8AE29C9DA8A00028E73 /* Debug */,
				AFFFD8AF29C9DA8A00028E73 /* Release */,
			);
			defaultConfigurationIsVisible = 0;
			defaultConfigurationName = Release;
		};
		AFFFD8B029C9DA8A00028E73 /* Build configuration list for PBXNativeTarget "MovieApp" */ = {
			isa = XCConfigurationList;
			buildConfigurations = (
				AFFFD8B129C9DA8A00028E73 /* Debug */,
				AFFFD8B229C9DA8A00028E73 /* Release */,
			);
			defaultConfigurationIsVisible = 0;
			defaultConfigurationName = Release;
		};
		AFFFD8B329C9DA8A00028E73 /* Build configuration list for PBXNativeTarget "MovieAppTests" */ = {
			isa = XCConfigurationList;
			buildConfigurations = (
				AFFFD8B429C9DA8A00028E73 /* Debug */,
				AFFFD8B529C9DA8A00028E73 /* Release */,
			);
			defaultConfigurationIsVisible = 0;
			defaultConfigurationName = Release;
		};
		AFFFD8B629C9DA8A00028E73 /* Build configuration list for PBXNativeTarget "MovieAppUITests" */ = {
			isa = XCConfigurationList;
			buildConfigurations = (
				AFFFD8B729C9DA8A00028E73 /* Debug */,
				AFFFD8B829C9DA8A00028E73 /* Release */,
			);
			defaultConfigurationIsVisible = 0;
			defaultConfigurationName = Release;
		};
/* End XCConfigurationList section */
	};
	rootObject = AFFFD87E29C9DA8900028E73 /* Project object */;
}
